{
  "name": "area-of-rectangle",
  "version": "1.1.0",
  "lockfileVersion": 1,
  "requires": true,
  "dependencies": {
    "area-of-rectangle-prashant": {
      "version": "1.1.0",
      "resolved": "https://registry.npmjs.org/area-of-rectangle-prashant/-/area-of-rectangle-prashant-1.1.0.tgz",
      "integrity": "sha512-v1qxfiILhhigjtGQsPYdiBBQeKlJfGxQs1ZLk/0h+L/WwpNVjYNrmCm+i5zM5wepg/wo2Cfqr/ekGU+ZuahacA=="
    }
  }
}
